Microsoft Visual Studio Solution File, Format Version 12.00
# Visual Studio Version 17
VisualStudioVersion = 17.5.2.0
MinimumVisualStudioVersion = 10.0.40219.1
Project("{2150E333-8FDC-42A3-9474-1A3956D46DE8}") = "Week1_06.01.2026-10.01.2026", "Week1_06.01.2026-10.01.2026", "{627D6347-BD39-B014-A93A-25CDA4071DFB}"
EndProject
Project("{FAE04EC0-301F-11D3-BF4B-00C04F79EFBC}") = "Day3_08Jan2026", "Week1_06.01.2026-10.01.2026\Day3_08Jan2026\Day3_08Jan2026.csproj", "{FBAD30E4-93C3-6DF7-846A-BFA303789F72}"
EndProject
Project("{FAE04EC0-301F-11D3-BF4B-00C04F79EFBC}") = "Day4_09Jan2026", "Week1_06.01.2026-10.01.2026\Day4_09Jan2026\Day4_09Jan2026.csproj", "{81DFF376-16C3-666B-0CA2-2840EDEEC0D3}"
EndProject
Project("{2150E333-8FDC-42A3-9474-1A3956D46DE8}") = "Day1_6Jan2026", "Day1_6Jan2026", "{E565CF47-1CB5-ECC8-33B2-5C2EEE83DF0C}"
EndProject
Project("{FAE04EC0-301F-11D3-BF4B-00C04F79EFBC}") = "HelloWorld", "Week1_06.01.2026-10.01.2026\Day1_6Jan2026\HelloWorld\HelloWorld.csproj", "{B2C39006-9337-2E52-3B49-D9581CCC484E}"
EndProject
Project("{2150E333-8FDC-42A3-9474-1A3956D46DE8}") = "Day2_07Jan2026", "Day2_07Jan2026", "{EA6E9948-2B5F-C66D-A9BE-EFACF6810C90}"
EndProject
Project("{FAE04EC0-301F-11D3-BF4B-00C04F79EFBC}") = "HandsOn1(ClassObject)", "Week1_06.01.2026-10.01.2026\Day2_07Jan2026\HandsOn1(ClassObject)\HandsOn1(ClassObject).csproj", "{FBB31099-F9A8-8793-917C-0B77C18FB330}"
EndProject
Project("{FAE04EC0-301F-11D3-BF4B-00C04F79EFBC}") = "SQLConnection", "Week1_06.01.2026-10.01.2026\Day2_07Jan2026\SQLConnection\SQLConnection.csproj", "{B407ED9A-B7FB-19C3-1D1F-96BEBE56B111}"
EndProject
Project("{2150E333-8FDC-42A3-9474-1A3956D46DE8}") = "Day3_08Jan2026 (1)", "Day3_08Jan2026 (1)", "{56A25F89-F6BB-890C-7FC5-4B0D173E3B77}"
EndProject
Project("{FAE04EC0-301F-11D3-BF4B-00C04F79EFBC}") = "HandsOn1(Greatest)", "Week1_06.01.2026-10.01.2026\Day3_08Jan2026\HandsOn1(Greatest)\HandsOn1(Greatest).csproj", "{D3345969-C02D-01A5-4F0E-8A917034D921}"
EndProject
Project("{FAE04EC0-301F-11D3-BF4B-00C04F79EFBC}") = "HandsOn2(Grades)", "Week1_06.01.2026-10.01.2026\Day3_08Jan2026\HandsOn2(Grades)\HandsOn2(Grades).csproj", "{856E9EF2-580B-DAAF-3E0B-8834B5128500}"
EndProject
Project("{FAE04EC0-301F-11D3-BF4B-00C04F79EFBC}") = "HandsOn3(Number)", "Week1_06.01.2026-10.01.2026\Day3_08Jan2026\HandsOn3(Number)\HandsOn3(Number).csproj", "{6BED7E67-B14B-23B7-9593-3EE859E168C0}"
EndProject
Project("{FAE04EC0-301F-11D3-BF4B-00C04F79EFBC}") = "HandsOn4(CorrectAnswer)", "Week1_06.01.2026-10.01.2026\Day3_08Jan2026\HandsOn4(CorrectAnswer)\HandsOn4(CorrectAnswer).csproj", "{D8CAA851-AE8D-5977-2B57-1B0CE5A62295}"
EndProject
Project("{FAE04EC0-301F-11D3-BF4B-00C04F79EFBC}") = "HandsOn5(Pattern)", "Week1_06.01.2026-10.01.2026\Day3_08Jan2026\HandsOn5(Pattern)\HandsOn5(Pattern).csproj", "{C2252B3F-8385-3ABD-74F6-848FA22EBA79}"
EndProject
Project("{FAE04EC0-301F-11D3-BF4B-00C04F79EFBC}") = "PassingParameters", "Week1_06.01.2026-10.01.2026\Day3_08Jan2026\PassingParameters\PassingParameters.csproj", "{6DAE6749-1D10-3AAA-F460-EE4494767E23}"
EndProject
Project("{2150E333-8FDC-42A3-9474-1A3956D46DE8}") = "Day4_09Jan2026 (1)", "Day4_09Jan2026 (1)", "{BCA7EB03-0BCC-4147-8743-7030B98DB30F}"
EndProject
Project("{FAE04EC0-301F-11D3-BF4B-00C04F79EFBC}") = "ClassEmployee", "Week1_06.01.2026-10.01.2026\Day4_09Jan2026\ClassEmployee\ClassEmployee.csproj", "{FE9854DE-07E2-466C-6818-BC82DA759EAE}"
EndProject
Project("{FAE04EC0-301F-11D3-BF4B-00C04F79EFBC}") = "HandsOn1(factorial)", "Week1_06.01.2026-10.01.2026\Day4_09Jan2026\HandsOn1(factorial)\HandsOn1(factorial).csproj", "{E4B20F75-0EED-39F9-FC13-14D49D8D7A34}"
EndProject
Project("{FAE04EC0-301F-11D3-BF4B-00C04F79EFBC}") = "HandsOn10(RepeatedElement)", "Week1_06.01.2026-10.01.2026\Day4_09Jan2026\HandsOn10(RepeatedElement)\HandsOn10(RepeatedElement).csproj", "{0A792DB9-407E-30CC-FBDD-EC78210E4416}"
EndProject
Project("{FAE04EC0-301F-11D3-BF4B-00C04F79EFBC}") = "HandsOn2(Armstrong)", "Week1_06.01.2026-10.01.2026\Day4_09Jan2026\HandsOn2(Armstrong)\HandsOn2(Armstrong).csproj", "{63FD81C0-E557-5C13-9C14-504B53327473}"
EndProject
Project("{FAE04EC0-301F-11D3-BF4B-00C04F79EFBC}") = "HandsOn3(Digits)", "Week1_06.01.2026-10.01.2026\Day4_09Jan2026\HandsOn3(Digits)\HandsOn3(Digits).csproj", "{B4B0FB85-419D-05AF-A792-37C960460462}"
EndProject
Project("{FAE04EC0-301F-11D3-BF4B-00C04F79EFBC}") = "HandsOn4(Average)", "Week1_06.01.2026-10.01.2026\Day4_09Jan2026\HandsOn4(Average)\HandsOn4(Average).csproj", "{CF4F4EBC-B20D-1C53-11BF-B4F4DA78E7B6}"
EndProject
Project("{FAE04EC0-301F-11D3-BF4B-00C04F79EFBC}") = "HandsOn5(MultiplyArrays)", "Week1_06.01.2026-10.01.2026\Day4_09Jan2026\HandsOn5(MultiplyArrays)\HandsOn5(MultiplyArrays).csproj", "{09D13254-1191-B5AF-CB1F-F44B7FDE3F78}"
EndProject
Project("{FAE04EC0-301F-11D3-BF4B-00C04F79EFBC}") = "HandsOn6(CompareArrays)", "Week1_06.01.2026-10.01.2026\Day4_09Jan2026\HandsOn6(CompareArrays)\HandsOn6(CompareArrays).csproj", "{F79D8A7C-575E-CA2D-1CD8-9A28B8918154}"
EndProject
Project("{FAE04EC0-301F-11D3-BF4B-00C04F79EFBC}") = "HandsOn7(MultiplyPositives)", "Week1_06.01.2026-10.01.2026\Day4_09Jan2026\HandsOn7(MultiplyPositives)\HandsOn7(MultiplyPositives).csproj", "{8FD3FC44-E37C-C9AB-776B-B01436858390}"
EndProject
Project("{FAE04EC0-301F-11D3-BF4B-00C04F79EFBC}") = "HandsOn8(SumEvens)", "Week1_06.01.2026-10.01.2026\Day4_09Jan2026\HandsOn8(SumEvens)\HandsOn8(SumEvens).csproj", "{885C9DA3-0BCE-ACD2-7F5A-7AF12B317607}"
EndProject
Project("{FAE04EC0-301F-11D3-BF4B-00C04F79EFBC}") = "HandsOn9(SearchElement)", "Week1_06.01.2026-10.01.2026\Day4_09Jan2026\HandsOn9(SearchElement)\HandsOn9(SearchElement).csproj", "{7E0F2AE4-EE67-D086-5EF8-E3E94892B66F}"
EndProject
Global
	GlobalSection(SolutionConfigurationPlatforms) = preSolution
		Debug|Any CPU = Debug|Any CPU
		Release|Any CPU = Release|Any CPU
	EndGlobalSection
	GlobalSection(ProjectConfigurationPlatforms) = postSolution
		{FBAD30E4-93C3-6DF7-846A-BFA303789F72}.Debug|Any CPU.ActiveCfg = Debug|Any CPU
		{FBAD30E4-93C3-6DF7-846A-BFA303789F72}.Debug|Any CPU.Build.0 = Debug|Any CPU
		{FBAD30E4-93C3-6DF7-846A-BFA303789F72}.Release|Any CPU.ActiveCfg = Release|Any CPU
		{FBAD30E4-93C3-6DF7-846A-BFA303789F72}.Release|Any CPU.Build.0 = Release|Any CPU
		{81DFF376-16C3-666B-0CA2-2840EDEEC0D3}.Debug|Any CPU.ActiveCfg = Debug|Any CPU
		{81DFF376-16C3-666B-0CA2-2840EDEEC0D3}.Debug|Any CPU.Build.0 = Debug|Any CPU
		{81DFF376-16C3-666B-0CA2-2840EDEEC0D3}.Release|Any CPU.ActiveCfg = Release|Any CPU
		{81DFF376-16C3-666B-0CA2-2840EDEEC0D3}.Release|Any CPU.Build.0 = Release|Any CPU
		{B2C39006-9337-2E52-3B49-D9581CCC484E}.Debug|Any CPU.ActiveCfg = Debug|Any CPU
		{B2C39006-9337-2E52-3B49-D9581CCC484E}.Debug|Any CPU.Build.0 = Debug|Any CPU
		{B2C39006-9337-2E52-3B49-D9581CCC484E}.Release|Any CPU.ActiveCfg = Release|Any CPU
		{B2C39006-9337-2E52-3B49-D9581CCC484E}.Release|Any CPU.Build.0 = Release|Any CPU
		{FBB31099-F9A8-8793-917C-0B77C18FB330}.Debug|Any CPU.ActiveCfg = Debug|Any CPU
		{FBB31099-F9A8-8793-917C-0B77C18FB330}.Debug|Any CPU.Build.0 = Debug|Any CPU
		{FBB31099-F9A8-8793-917C-0B77C18FB330}.Release|Any CPU.ActiveCfg = Release|Any CPU
		{FBB31099-F9A8-8793-917C-0B77C18FB330}.Release|Any CPU.Build.0 = Release|Any CPU
		{B407ED9A-B7FB-19C3-1D1F-96BEBE56B111}.Debug|Any CPU.ActiveCfg = Debug|Any CPU
		{B407ED9A-B7FB-19C3-1D1F-96BEBE56B111}.Debug|Any CPU.Build.0 = Debug|Any CPU
		{B407ED9A-B7FB-19C3-1D1F-96BEBE56B111}.Release|Any CPU.ActiveCfg = Release|Any CPU
		{B407ED9A-B7FB-19C3-1D1F-96BEBE56B111}.Release|Any CPU.Build.0 = Release|Any CPU
		{D3345969-C02D-01A5-4F0E-8A917034D921}.Debug|Any CPU.ActiveCfg = Debug|Any CPU
		{D3345969-C02D-01A5-4F0E-8A917034D921}.Debug|Any CPU.Build.0 = Debug|Any CPU
		{D3345969-C02D-01A5-4F0E-8A917034D921}.Release|Any CPU.ActiveCfg = Release|Any CPU
		{D3345969-C02D-01A5-4F0E-8A917034D921}.Release|Any CPU.Build.0 = Release|Any CPU
		{856E9EF2-580B-DAAF-3E0B-8834B5128500}.Debug|Any CPU.ActiveCfg = Debug|Any CPU
		{856E9EF2-580B-DAAF-3E0B-8834B5128500}.Debug|Any CPU.Build.0 = Debug|Any CPU
		{856E9EF2-580B-DAAF-3E0B-8834B5128500}.Release|Any CPU.ActiveCfg = Release|Any CPU
		{856E9EF2-580B-DAAF-3E0B-8834B5128500}.Release|Any CPU.Build.0 = Release|Any CPU
		{6BED7E67-B14B-23B7-9593-3EE859E168C0}.Debug|Any CPU.ActiveCfg = Debug|Any CPU
		{6BED7E67-B14B-23B7-9593-3EE859E168C0}.Debug|Any CPU.Build.0 = Debug|Any CPU
		{6BED7E67-B14B-23B7-9593-3EE859E168C0}.Release|Any CPU.ActiveCfg = Release|Any CPU
		{6BED7E67-B14B-23B7-9593-3EE859E168C0}.Release|Any CPU.Build.0 = Release|Any CPU
		{D8CAA851-AE8D-5977-2B57-1B0CE5A62295}.Debug|Any CPU.ActiveCfg = Debug|Any CPU
		{D8CAA851-AE8D-5977-2B57-1B0CE5A62295}.Debug|Any CPU.Build.0 = Debug|Any CPU
		{D8CAA851-AE8D-5977-2B57-1B0CE5A62295}.Release|Any CPU.ActiveCfg = Release|Any CPU
		{D8CAA851-AE8D-5977-2B57-1B0CE5A62295}.Release|Any CPU.Build.0 = Release|Any CPU
		{C2252B3F-8385-3ABD-74F6-848FA22EBA79}.Debug|Any CPU.ActiveCfg = Debug|Any CPU
		{C2252B3F-8385-3ABD-74F6-848FA22EBA79}.Debug|Any CPU.Build.0 = Debug|Any CPU
		{C2252B3F-8385-3ABD-74F6-848FA22EBA79}.Release|Any CPU.ActiveCfg = Release|Any CPU
		{C2252B3F-8385-3ABD-74F6-848FA22EBA79}.Release|Any CPU.Build.0 = Release|Any CPU
		{6DAE6749-1D10-3AAA-F460-EE4494767E23}.Debug|Any CPU.ActiveCfg = Debug|Any CPU
		{6DAE6749-1D10-3AAA-F460-EE4494767E23}.Debug|Any CPU.Build.0 = Debug|Any CPU
		{6DAE6749-1D10-3AAA-F460-EE4494767E23}.Release|Any CPU.ActiveCfg = Release|Any CPU
		{6DAE6749-1D10-3AAA-F460-EE4494767E23}.Release|Any CPU.Build.0 = Release|Any CPU
		{FE9854DE-07E2-466C-6818-BC82DA759EAE}.Debug|Any CPU.ActiveCfg = Debug|Any CPU
		{FE9854DE-07E2-466C-6818-BC82DA759EAE}.Debug|Any CPU.Build.0 = Debug|Any CPU
		{FE9854DE-07E2-466C-6818-BC82DA759EAE}.Release|Any CPU.ActiveCfg = Release|Any CPU
		{FE9854DE-07E2-466C-6818-BC82DA759EAE}.Release|Any CPU.Build.0 = Release|Any CPU
		{E4B20F75-0EED-39F9-FC13-14D49D8D7A34}.Debug|Any CPU.ActiveCfg = Debug|Any CPU
		{E4B20F75-0EED-39F9-FC13-14D49D8D7A34}.Debug|Any CPU.Build.0 = Debug|Any CPU
		{E4B20F75-0EED-39F9-FC13-14D49D8D7A34}.Release|Any CPU.ActiveCfg = Release|Any CPU
		{E4B20F75-0EED-39F9-FC13-14D49D8D7A34}.Release|Any CPU.Build.0 = Release|Any CPU
		{0A792DB9-407E-30CC-FBDD-EC78210E4416}.Debug|Any CPU.ActiveCfg = Debug|Any CPU
		{0A792DB9-407E-30CC-FBDD-EC78210E4416}.Debug|Any CPU.Build.0 = Debug|Any CPU
		{0A792DB9-407E-30CC-FBDD-EC78210E4416}.Release|Any CPU.ActiveCfg = Release|Any CPU
		{0A792DB9-407E-30CC-FBDD-EC78210E4416}.Release|Any CPU.Build.0 = Release|Any CPU
		{63FD81C0-E557-5C13-9C14-504B53327473}.Debug|Any CPU.ActiveCfg = Debug|Any CPU
		{63FD81C0-E557-5C13-9C14-504B53327473}.Debug|Any CPU.Build.0 = Debug|Any CPU
		{63FD81C0-E557-5C13-9C14-504B53327473}.Release|Any CPU.ActiveCfg = Release|Any CPU
		{63FD81C0-E557-5C13-9C14-504B53327473}.Release|Any CPU.Build.0 = Release|Any CPU
		{B4B0FB85-419D-05AF-A792-37C960460462}.Debug|Any CPU.ActiveCfg = Debug|Any CPU
		{B4B0FB85-419D-05AF-A792-37C960460462}.Debug|Any CPU.Build.0 = Debug|Any CPU
		{B4B0FB85-419D-05AF-A792-37C960460462}.Release|Any CPU.ActiveCfg = Release|Any CPU
		{B4B0FB85-419D-05AF-A792-37C960460462}.Release|Any CPU.Build.0 = Release|Any CPU
		{CF4F4EBC-B20D-1C53-11BF-B4F4DA78E7B6}.Debug|Any CPU.ActiveCfg = Debug|Any CPU
		{CF4F4EBC-B20D-1C53-11BF-B4F4DA78E7B6}.Debug|Any CPU.Build.0 = Debug|Any CPU
		{CF4F4EBC-B20D-1C53-11BF-B4F4DA78E7B6}.Release|Any CPU.ActiveCfg = Release|Any CPU
		{CF4F4EBC-B20D-1C53-11BF-B4F4DA78E7B6}.Release|Any CPU.Build.0 = Release|Any CPU
		{09D13254-1191-B5AF-CB1F-F44B7FDE3F78}.Debug|Any CPU.ActiveCfg = Debug|Any CPU
		{09D13254-1191-B5AF-CB1F-F44B7FDE3F78}.Debug|Any CPU.Build.0 = Debug|Any CPU
		{09D13254-1191-B5AF-CB1F-F44B7FDE3F78}.Release|Any CPU.ActiveCfg = Release|Any CPU
		{09D13254-1191-B5AF-CB1F-F44B7FDE3F78}.Release|Any CPU.Build.0 = Release|Any CPU
		{F79D8A7C-575E-CA2D-1CD8-9A28B8918154}.Debug|Any CPU.ActiveCfg = Debug|Any CPU
		{F79D8A7C-575E-CA2D-1CD8-9A28B8918154}.Debug|Any CPU.Build.0 = Debug|Any CPU
		{F79D8A7C-575E-CA2D-1CD8-9A28B8918154}.Release|Any CPU.ActiveCfg = Release|Any CPU
		{F79D8A7C-575E-CA2D-1CD8-9A28B8918154}.Release|Any CPU.Build.0 = Release|Any CPU
		{8FD3FC44-E37C-C9AB-776B-B01436858390}.Debug|Any CPU.ActiveCfg = Debug|Any CPU
		{8FD3FC44-E37C-C9AB-776B-B01436858390}.Debug|Any CPU.Build.0 = Debug|Any CPU
		{8FD3FC44-E37C-C9AB-776B-B01436858390}.Release|Any CPU.ActiveCfg = Release|Any CPU
		{8FD3FC44-E37C-C9AB-776B-B01436858390}.Release|Any CPU.Build.0 = Release|Any CPU
		{885C9DA3-0BCE-ACD2-7F5A-7AF12B317607}.Debug|Any CPU.ActiveCfg = Debug|Any CPU
		{885C9DA3-0BCE-ACD2-7F5A-7AF12B317607}.Debug|Any CPU.Build.0 = Debug|Any CPU
		{885C9DA3-0BCE-ACD2-7F5A-7AF12B317607}.Release|Any CPU.ActiveCfg = Release|Any CPU
		{885C9DA3-0BCE-ACD2-7F5A-7AF12B317607}.Release|Any CPU.Build.0 = Release|Any CPU
		{7E0F2AE4-EE67-D086-5EF8-E3E94892B66F}.Debug|Any CPU.ActiveCfg = Debug|Any CPU
		{7E0F2AE4-EE67-D086-5EF8-E3E94892B66F}.Debug|Any CPU.Build.0 = Debug|Any CPU
		{7E0F2AE4-EE67-D086-5EF8-E3E94892B66F}.Release|Any CPU.ActiveCfg = Release|Any CPU
		{7E0F2AE4-EE67-D086-5EF8-E3E94892B66F}.Release|Any CPU.Build.0 = Release|Any CPU
	EndGlobalSection
	GlobalSection(SolutionProperties) = preSolution
		HideSolutionNode = FALSE
	EndGlobalSection
	GlobalSection(NestedProjects) = preSolution
		{FBAD30E4-93C3-6DF7-846A-BFA303789F72} = {627D6347-BD39-B014-A93A-25CDA4071DFB}
		{81DFF376-16C3-666B-0CA2-2840EDEEC0D3} = {627D6347-BD39-B014-A93A-25CDA4071DFB}
		{E565CF47-1CB5-ECC8-33B2-5C2EEE83DF0C} = {627D6347-BD39-B014-A93A-25CDA4071DFB}
		{B2C39006-9337-2E52-3B49-D9581CCC484E} = {E565CF47-1CB5-ECC8-33B2-5C2EEE83DF0C}
		{EA6E9948-2B5F-C66D-A9BE-EFACF6810C90} = {627D6347-BD39-B014-A93A-25CDA4071DFB}
		{FBB31099-F9A8-8793-917C-0B77C18FB330} = {EA6E9948-2B5F-C66D-A9BE-EFACF6810C90}
		{B407ED9A-B7FB-19C3-1D1F-96BEBE56B111} = {EA6E9948-2B5F-C66D-A9BE-EFACF6810C90}
		{56A25F89-F6BB-890C-7FC5-4B0D173E3B77} = {627D6347-BD39-B014-A93A-25CDA4071DFB}
		{D3345969-C02D-01A5-4F0E-8A917034D921} = {56A25F89-F6BB-890C-7FC5-4B0D173E3B77}
		{856E9EF2-580B-DAAF-3E0B-8834B5128500} = {56A25F89-F6BB-890C-7FC5-4B0D173E3B77}
		{6BED7E67-B14B-23B7-9593-3EE859E168C0} = {56A25F89-F6BB-890C-7FC5-4B0D173E3B77}
		{D8CAA851-AE8D-5977-2B57-1B0CE5A62295} = {56A25F89-F6BB-890C-7FC5-4B0D173E3B77}
		{C2252B3F-8385-3ABD-74F6-848FA22EBA79} = {56A25F89-F6BB-890C-7FC5-4B0D173E3B77}
		{6DAE6749-1D10-3AAA-F460-EE4494767E23} = {56A25F89-F6BB-890C-7FC5-4B0D173E3B77}
		{BCA7EB03-0BCC-4147-8743-7030B98DB30F} = {627D6347-BD39-B014-A93A-25CDA4071DFB}
		{FE9854DE-07E2-466C-6818-BC82DA759EAE} = {BCA7EB03-0BCC-4147-8743-7030B98DB30F}
		{E4B20F75-0EED-39F9-FC13-14D49D8D7A34} = {BCA7EB03-0BCC-4147-8743-7030B98DB30F}
		{0A792DB9-407E-30CC-FBDD-EC78210E4416} = {BCA7EB03-0BCC-4147-8743-7030B98DB30F}
		{63FD81C0-E557-5C13-9C14-504B53327473} = {BCA7EB03-0BCC-4147-8743-7030B98DB30F}
		{B4B0FB85-419D-05AF-A792-37C960460462} = {BCA7EB03-0BCC-4147-8743-7030B98DB30F}
		{CF4F4EBC-B20D-1C53-11BF-B4F4DA78E7B6} = {BCA7EB03-0BCC-4147-8743-7030B98DB30F}
		{09D13254-1191-B5AF-CB1F-F44B7FDE3F78} = {BCA7EB03-0BCC-4147-8743-7030B98DB30F}
		{F79D8A7C-575E-CA2D-1CD8-9A28B8918154} = {BCA7EB03-0BCC-4147-8743-7030B98DB30F}
		{8FD3FC44-E37C-C9AB-776B-B01436858390} = {BCA7EB03-0BCC-4147-8743-7030B98DB30F}
		{885C9DA3-0BCE-ACD2-7F5A-7AF12B317607} = {BCA7EB03-0BCC-4147-8743-7030B98DB30F}
		{7E0F2AE4-EE67-D086-5EF8-E3E94892B66F} = {BCA7EB03-0BCC-4147-8743-7030B98DB30F}
	EndGlobalSection
	GlobalSection(ExtensibilityGlobals) = postSolution
		SolutionGuid = {5956BBB3-0066-41CF-9FBE-4986BA794D67}
	EndGlobalSection
EndGlobal
