Microsoft Visual Studio Solution File, Format Version 12.00
# Visual Studio Version 17
VisualStudioVersion = 17.5.2.0
MinimumVisualStudioVersion = 10.0.40219.1
Project("{FAE04EC0-301F-11D3-BF4B-00C04F79EFBC}") = "HandsOn1(ClassObject)", "HandsOn1(ClassObject)\HandsOn1(ClassObject).csproj", "{5643B20A-3CC6-4FCB-4D97-B9223D73AE3D}"
EndProject
Project("{FAE04EC0-301F-11D3-BF4B-00C04F79EFBC}") = "SQLConnection", "SQLConnection\SQLConnection.csproj", "{5AFBFF6D-7A2F-0199-1E04-42283BB75062}"
EndProject
Global
	GlobalSection(SolutionConfigurationPlatforms) = preSolution
		Debug|Any CPU = Debug|Any CPU
		Release|Any CPU = Release|Any CPU
	EndGlobalSection
	GlobalSection(ProjectConfigurationPlatforms) = postSolution
		{5643B20A-3CC6-4FCB-4D97-B9223D73AE3D}.Debug|Any CPU.ActiveCfg = Debug|Any CPU
		{5643B20A-3CC6-4FCB-4D97-B9223D73AE3D}.Debug|Any CPU.Build.0 = Debug|Any CPU
		{5643B20A-3CC6-4FCB-4D97-B9223D73AE3D}.Release|Any CPU.ActiveCfg = Release|Any CPU
		{5643B20A-3CC6-4FCB-4D97-B9223D73AE3D}.Release|Any CPU.Build.0 = Release|Any CPU
		{5AFBFF6D-7A2F-0199-1E04-42283BB75062}.Debug|Any CPU.ActiveCfg = Debug|Any CPU
		{5AFBFF6D-7A2F-0199-1E04-42283BB75062}.Debug|Any CPU.Build.0 = Debug|Any CPU
		{5AFBFF6D-7A2F-0199-1E04-42283BB75062}.Release|Any CPU.ActiveCfg = Release|Any CPU
		{5AFBFF6D-7A2F-0199-1E04-42283BB75062}.Release|Any CPU.Build.0 = Release|Any CPU
	EndGlobalSection
	GlobalSection(SolutionProperties) = preSolution
		HideSolutionNode = FALSE
	EndGlobalSection
	GlobalSection(ExtensibilityGlobals) = postSolution
		SolutionGuid = {E7DE5BE8-452A-4770-8849-31ACE066BF79}
	EndGlobalSection
EndGlobal
