Microsoft Visual Studio Solution File, Format Version 12.00
# Visual Studio Version 17
VisualStudioVersion = 17.5.2.0
MinimumVisualStudioVersion = 10.0.40219.1
Project("{2150E333-8FDC-42A3-9474-1A3956D46DE8}") = "HandsOn1", "HandsOn1", "{FEDDD528-0309-1409-2276-EE8D8A0F717E}"
EndProject
Project("{FAE04EC0-301F-11D3-BF4B-00C04F79EFBC}") = "inventory", "HandsOn1\inventory\inventory.csproj", "{49B42813-1110-FB62-E59F-3FDF7ED670E0}"
EndProject
Global
	GlobalSection(SolutionConfigurationPlatforms) = preSolution
		Debug|Any CPU = Debug|Any CPU
		Release|Any CPU = Release|Any CPU
	EndGlobalSection
	GlobalSection(ProjectConfigurationPlatforms) = postSolution
		{49B42813-1110-FB62-E59F-3FDF7ED670E0}.Debug|Any CPU.ActiveCfg = Debug|Any CPU
		{49B42813-1110-FB62-E59F-3FDF7ED670E0}.Debug|Any CPU.Build.0 = Debug|Any CPU
		{49B42813-1110-FB62-E59F-3FDF7ED670E0}.Release|Any CPU.ActiveCfg = Release|Any CPU
		{49B42813-1110-FB62-E59F-3FDF7ED670E0}.Release|Any CPU.Build.0 = Release|Any CPU
	EndGlobalSection
	GlobalSection(SolutionProperties) = preSolution
		HideSolutionNode = FALSE
	EndGlobalSection
	GlobalSection(NestedProjects) = preSolution
		{49B42813-1110-FB62-E59F-3FDF7ED670E0} = {FEDDD528-0309-1409-2276-EE8D8A0F717E}
	EndGlobalSection
	GlobalSection(ExtensibilityGlobals) = postSolution
		SolutionGuid = {E926031D-D471-4B91-9CFF-42292DAE2E6E}
	EndGlobalSection
EndGlobal
