Microsoft Visual Studio Solution File, Format Version 12.00
# Visual Studio Version 17
VisualStudioVersion = 17.5.2.0
MinimumVisualStudioVersion = 10.0.40219.1
Project("{2150E333-8FDC-42A3-9474-1A3956D46DE8}") = "day1(19jan2026)", "day1(19jan2026)", "{66DFCA30-1D61-A84D-EE0C-159C5E735EB5}"
EndProject
Project("{2150E333-8FDC-42A3-9474-1A3956D46DE8}") = "New folder", "New folder", "{3772BB88-DA3D-E163-D0D7-B8F567274532}"
EndProject
Project("{FAE04EC0-301F-11D3-BF4B-00C04F79EFBC}") = "Day5_10Jan2026", "day1(19jan2026)\New folder\Day5_10Jan2026.csproj", "{DBC85099-1D62-2413-557D-E1BED3D8CA6B}"
EndProject
Project("{2150E333-8FDC-42A3-9474-1A3956D46DE8}") = "New folder (2)", "New folder (2)", "{A8AF4359-402D-541B-6F8E-4D9819EBACD7}"
EndProject
Project("{FAE04EC0-301F-11D3-BF4B-00C04F79EFBC}") = "Day5_10Jan2026", "day1(19jan2026)\New folder (2)\Day5_10Jan2026.csproj", "{D7D464B4-E5BC-9F10-23AA-67CE28A66606}"
EndProject
Project("{2150E333-8FDC-42A3-9474-1A3956D46DE8}") = "New folder (3)", "New folder (3)", "{89684AFD-D6E2-68A0-A4B3-C136CBAE32E7}"
EndProject
Project("{FAE04EC0-301F-11D3-BF4B-00C04F79EFBC}") = "Day5_10Jan2026", "day1(19jan2026)\New folder (3)\Day5_10Jan2026.csproj", "{95B93683-5F58-BA38-2556-4C56C849EAEC}"
EndProject
Project("{2150E333-8FDC-42A3-9474-1A3956D46DE8}") = "New folder (4)", "New folder (4)", "{4AA21FB8-E64A-DED9-9FF9-504F52D4AFCE}"
EndProject
Project("{FAE04EC0-301F-11D3-BF4B-00C04F79EFBC}") = "Day5_10Jan2026", "day1(19jan2026)\New folder (4)\Day5_10Jan2026.csproj", "{0D9CBF67-5C49-80EC-9F33-D0D856D81CA3}"
EndProject
Project("{2150E333-8FDC-42A3-9474-1A3956D46DE8}") = "New folder (5)", "New folder (5)", "{046E4FFA-8E17-F428-7C9E-F34867201C96}"
EndProject
Project("{FAE04EC0-301F-11D3-BF4B-00C04F79EFBC}") = "Day5_10Jan2026", "day1(19jan2026)\New folder (5)\Day5_10Jan2026.csproj", "{8D82B3AD-EEFE-5C2C-EC47-DB0499EE28F1}"
EndProject
Project("{2150E333-8FDC-42A3-9474-1A3956D46DE8}") = "New folder (6)", "New folder (6)", "{2C96FDB4-382A-CAFF-997B-28CEB4F49C73}"
EndProject
Project("{FAE04EC0-301F-11D3-BF4B-00C04F79EFBC}") = "Day5_10Jan2026", "day1(19jan2026)\New folder (6)\Day5_10Jan2026.csproj", "{016861B7-845E-9DBC-ED6F-DE31D50CDB93}"
EndProject
Global
	GlobalSection(SolutionConfigurationPlatforms) = preSolution
		Debug|Any CPU = Debug|Any CPU
		Release|Any CPU = Release|Any CPU
	EndGlobalSection
	GlobalSection(ProjectConfigurationPlatforms) = postSolution
		{DBC85099-1D62-2413-557D-E1BED3D8CA6B}.Debug|Any CPU.ActiveCfg = Debug|Any CPU
		{DBC85099-1D62-2413-557D-E1BED3D8CA6B}.Debug|Any CPU.Build.0 = Debug|Any CPU
		{DBC85099-1D62-2413-557D-E1BED3D8CA6B}.Release|Any CPU.ActiveCfg = Release|Any CPU
		{DBC85099-1D62-2413-557D-E1BED3D8CA6B}.Release|Any CPU.Build.0 = Release|Any CPU
		{D7D464B4-E5BC-9F10-23AA-67CE28A66606}.Debug|Any CPU.ActiveCfg = Debug|Any CPU
		{D7D464B4-E5BC-9F10-23AA-67CE28A66606}.Debug|Any CPU.Build.0 = Debug|Any CPU
		{D7D464B4-E5BC-9F10-23AA-67CE28A66606}.Release|Any CPU.ActiveCfg = Release|Any CPU
		{D7D464B4-E5BC-9F10-23AA-67CE28A66606}.Release|Any CPU.Build.0 = Release|Any CPU
		{95B93683-5F58-BA38-2556-4C56C849EAEC}.Debug|Any CPU.ActiveCfg = Debug|Any CPU
		{95B93683-5F58-BA38-2556-4C56C849EAEC}.Debug|Any CPU.Build.0 = Debug|Any CPU
		{95B93683-5F58-BA38-2556-4C56C849EAEC}.Release|Any CPU.ActiveCfg = Release|Any CPU
		{95B93683-5F58-BA38-2556-4C56C849EAEC}.Release|Any CPU.Build.0 = Release|Any CPU
		{0D9CBF67-5C49-80EC-9F33-D0D856D81CA3}.Debug|Any CPU.ActiveCfg = Debug|Any CPU
		{0D9CBF67-5C49-80EC-9F33-D0D856D81CA3}.Debug|Any CPU.Build.0 = Debug|Any CPU
		{0D9CBF67-5C49-80EC-9F33-D0D856D81CA3}.Release|Any CPU.ActiveCfg = Release|Any CPU
		{0D9CBF67-5C49-80EC-9F33-D0D856D81CA3}.Release|Any CPU.Build.0 = Release|Any CPU
		{8D82B3AD-EEFE-5C2C-EC47-DB0499EE28F1}.Debug|Any CPU.ActiveCfg = Debug|Any CPU
		{8D82B3AD-EEFE-5C2C-EC47-DB0499EE28F1}.Debug|Any CPU.Build.0 = Debug|Any CPU
		{8D82B3AD-EEFE-5C2C-EC47-DB0499EE28F1}.Release|Any CPU.ActiveCfg = Release|Any CPU
		{8D82B3AD-EEFE-5C2C-EC47-DB0499EE28F1}.Release|Any CPU.Build.0 = Release|Any CPU
		{016861B7-845E-9DBC-ED6F-DE31D50CDB93}.Debug|Any CPU.ActiveCfg = Debug|Any CPU
		{016861B7-845E-9DBC-ED6F-DE31D50CDB93}.Debug|Any CPU.Build.0 = Debug|Any CPU
		{016861B7-845E-9DBC-ED6F-DE31D50CDB93}.Release|Any CPU.ActiveCfg = Release|Any CPU
		{016861B7-845E-9DBC-ED6F-DE31D50CDB93}.Release|Any CPU.Build.0 = Release|Any CPU
	EndGlobalSection
	GlobalSection(SolutionProperties) = preSolution
		HideSolutionNode = FALSE
	EndGlobalSection
	GlobalSection(NestedProjects) = preSolution
		{3772BB88-DA3D-E163-D0D7-B8F567274532} = {66DFCA30-1D61-A84D-EE0C-159C5E735EB5}
		{DBC85099-1D62-2413-557D-E1BED3D8CA6B} = {3772BB88-DA3D-E163-D0D7-B8F567274532}
		{A8AF4359-402D-541B-6F8E-4D9819EBACD7} = {66DFCA30-1D61-A84D-EE0C-159C5E735EB5}
		{D7D464B4-E5BC-9F10-23AA-67CE28A66606} = {A8AF4359-402D-541B-6F8E-4D9819EBACD7}
		{89684AFD-D6E2-68A0-A4B3-C136CBAE32E7} = {66DFCA30-1D61-A84D-EE0C-159C5E735EB5}
		{95B93683-5F58-BA38-2556-4C56C849EAEC} = {89684AFD-D6E2-68A0-A4B3-C136CBAE32E7}
		{4AA21FB8-E64A-DED9-9FF9-504F52D4AFCE} = {66DFCA30-1D61-A84D-EE0C-159C5E735EB5}
		{0D9CBF67-5C49-80EC-9F33-D0D856D81CA3} = {4AA21FB8-E64A-DED9-9FF9-504F52D4AFCE}
		{046E4FFA-8E17-F428-7C9E-F34867201C96} = {66DFCA30-1D61-A84D-EE0C-159C5E735EB5}
		{8D82B3AD-EEFE-5C2C-EC47-DB0499EE28F1} = {046E4FFA-8E17-F428-7C9E-F34867201C96}
		{2C96FDB4-382A-CAFF-997B-28CEB4F49C73} = {66DFCA30-1D61-A84D-EE0C-159C5E735EB5}
		{016861B7-845E-9DBC-ED6F-DE31D50CDB93} = {2C96FDB4-382A-CAFF-997B-28CEB4F49C73}
	EndGlobalSection
	GlobalSection(ExtensibilityGlobals) = postSolution
		SolutionGuid = {08E1A480-7667-48B2-9345-875AB1BA493D}
	EndGlobalSection
EndGlobal
