Microsoft Visual Studio Solution File, Format Version 12.00
# Visual Studio Version 17
VisualStudioVersion = 17.5.2.0
MinimumVisualStudioVersion = 10.0.40219.1
Project("{2150E333-8FDC-42A3-9474-1A3956D46DE8}") = "bankmanagement", "bankmanagement", "{B62E4347-93AF-26E9-9F80-B73A7BBDDBA7}"
EndProject
Project("{2150E333-8FDC-42A3-9474-1A3956D46DE8}") = "delegates", "delegates", "{9672354E-98A9-400B-26D8-66F669386DB2}"
EndProject
Project("{2150E333-8FDC-42A3-9474-1A3956D46DE8}") = "ecommerce product catalog", "ecommerce product catalog", "{762977C1-BE4B-4A72-C5E9-0B94F9714609}"
EndProject
Project("{2150E333-8FDC-42A3-9474-1A3956D46DE8}") = "hospital managemnet system", "hospital managemnet system", "{BF4646C5-FBC0-432A-B357-2E69B43C3BD8}"
EndProject
Project("{2150E333-8FDC-42A3-9474-1A3956D46DE8}") = "university enrollment system", "university enrollment system", "{DE84012F-5872-9171-19C2-B2C1A8FB4486}"
EndProject
Project("{2150E333-8FDC-42A3-9474-1A3956D46DE8}") = "vechile rental system", "vechile rental system", "{CD46BAAC-6A12-977C-535E-EE2A611B54DC}"
EndProject
Project("{FAE04EC0-301F-11D3-BF4B-00C04F79EFBC}") = "Day5_10Jan2026", "bankmanagement\Day5_10Jan2026.csproj", "{6ACC76E5-3C8A-2F56-1B9C-744879F37D82}"
EndProject
Project("{FAE04EC0-301F-11D3-BF4B-00C04F79EFBC}") = "Day5_10Jan2026", "delegates\Day5_10Jan2026.csproj", "{859FF8FE-2E42-EBBF-DC4C-167ED7991A52}"
EndProject
Project("{FAE04EC0-301F-11D3-BF4B-00C04F79EFBC}") = "Day5_10Jan2026", "ecommerce product catalog\Day5_10Jan2026.csproj", "{50CD667E-A11F-AD4C-C7DB-90F717D401DA}"
EndProject
Project("{FAE04EC0-301F-11D3-BF4B-00C04F79EFBC}") = "Day5_10Jan2026", "hospital managemnet system\Day5_10Jan2026.csproj", "{C46A75AC-1EA7-C6F2-9AB5-31FBAD5F9FA1}"
EndProject
Project("{FAE04EC0-301F-11D3-BF4B-00C04F79EFBC}") = "Day5_10Jan2026", "university enrollment system\Day5_10Jan2026.csproj", "{C916A2EF-F2CF-E916-F635-9E69806E7C1F}"
EndProject
Project("{FAE04EC0-301F-11D3-BF4B-00C04F79EFBC}") = "Day5_10Jan2026", "vechile rental system\Day5_10Jan2026.csproj", "{2761B7FD-4413-573C-1EB9-A5F8A5721810}"
EndProject
Global
	GlobalSection(SolutionConfigurationPlatforms) = preSolution
		Debug|Any CPU = Debug|Any CPU
		Release|Any CPU = Release|Any CPU
	EndGlobalSection
	GlobalSection(ProjectConfigurationPlatforms) = postSolution
		{6ACC76E5-3C8A-2F56-1B9C-744879F37D82}.Debug|Any CPU.ActiveCfg = Debug|Any CPU
		{6ACC76E5-3C8A-2F56-1B9C-744879F37D82}.Debug|Any CPU.Build.0 = Debug|Any CPU
		{6ACC76E5-3C8A-2F56-1B9C-744879F37D82}.Release|Any CPU.ActiveCfg = Release|Any CPU
		{6ACC76E5-3C8A-2F56-1B9C-744879F37D82}.Release|Any CPU.Build.0 = Release|Any CPU
		{859FF8FE-2E42-EBBF-DC4C-167ED7991A52}.Debug|Any CPU.ActiveCfg = Debug|Any CPU
		{859FF8FE-2E42-EBBF-DC4C-167ED7991A52}.Debug|Any CPU.Build.0 = Debug|Any CPU
		{859FF8FE-2E42-EBBF-DC4C-167ED7991A52}.Release|Any CPU.ActiveCfg = Release|Any CPU
		{859FF8FE-2E42-EBBF-DC4C-167ED7991A52}.Release|Any CPU.Build.0 = Release|Any CPU
		{50CD667E-A11F-AD4C-C7DB-90F717D401DA}.Debug|Any CPU.ActiveCfg = Debug|Any CPU
		{50CD667E-A11F-AD4C-C7DB-90F717D401DA}.Debug|Any CPU.Build.0 = Debug|Any CPU
		{50CD667E-A11F-AD4C-C7DB-90F717D401DA}.Release|Any CPU.ActiveCfg = Release|Any CPU
		{50CD667E-A11F-AD4C-C7DB-90F717D401DA}.Release|Any CPU.Build.0 = Release|Any CPU
		{C46A75AC-1EA7-C6F2-9AB5-31FBAD5F9FA1}.Debug|Any CPU.ActiveCfg = Debug|Any CPU
		{C46A75AC-1EA7-C6F2-9AB5-31FBAD5F9FA1}.Debug|Any CPU.Build.0 = Debug|Any CPU
		{C46A75AC-1EA7-C6F2-9AB5-31FBAD5F9FA1}.Release|Any CPU.ActiveCfg = Release|Any CPU
		{C46A75AC-1EA7-C6F2-9AB5-31FBAD5F9FA1}.Release|Any CPU.Build.0 = Release|Any CPU
		{C916A2EF-F2CF-E916-F635-9E69806E7C1F}.Debug|Any CPU.ActiveCfg = Debug|Any CPU
		{C916A2EF-F2CF-E916-F635-9E69806E7C1F}.Debug|Any CPU.Build.0 = Debug|Any CPU
		{C916A2EF-F2CF-E916-F635-9E69806E7C1F}.Release|Any CPU.ActiveCfg = Release|Any CPU
		{C916A2EF-F2CF-E916-F635-9E69806E7C1F}.Release|Any CPU.Build.0 = Release|Any CPU
		{2761B7FD-4413-573C-1EB9-A5F8A5721810}.Debug|Any CPU.ActiveCfg = Debug|Any CPU
		{2761B7FD-4413-573C-1EB9-A5F8A5721810}.Debug|Any CPU.Build.0 = Debug|Any CPU
		{2761B7FD-4413-573C-1EB9-A5F8A5721810}.Release|Any CPU.ActiveCfg = Release|Any CPU
		{2761B7FD-4413-573C-1EB9-A5F8A5721810}.Release|Any CPU.Build.0 = Release|Any CPU
	EndGlobalSection
	GlobalSection(SolutionProperties) = preSolution
		HideSolutionNode = FALSE
	EndGlobalSection
	GlobalSection(NestedProjects) = preSolution
		{6ACC76E5-3C8A-2F56-1B9C-744879F37D82} = {B62E4347-93AF-26E9-9F80-B73A7BBDDBA7}
		{859FF8FE-2E42-EBBF-DC4C-167ED7991A52} = {9672354E-98A9-400B-26D8-66F669386DB2}
		{50CD667E-A11F-AD4C-C7DB-90F717D401DA} = {762977C1-BE4B-4A72-C5E9-0B94F9714609}
		{C46A75AC-1EA7-C6F2-9AB5-31FBAD5F9FA1} = {BF4646C5-FBC0-432A-B357-2E69B43C3BD8}
		{C916A2EF-F2CF-E916-F635-9E69806E7C1F} = {DE84012F-5872-9171-19C2-B2C1A8FB4486}
		{2761B7FD-4413-573C-1EB9-A5F8A5721810} = {CD46BAAC-6A12-977C-535E-EE2A611B54DC}
	EndGlobalSection
	GlobalSection(ExtensibilityGlobals) = postSolution
		SolutionGuid = {F54E6C23-9B2F-4958-B617-8756532A830E}
	EndGlobalSection
EndGlobal
